
Microsoft Visual Studio Solution File, Format Version 12.00
# Visual Studio Version 16
VisualStudioVersion = 16.0.31424.327
MinimumVisualStudioVersion = 10.0.40219.1
Project("{2150E333-8FDC-42A3-9474-1A3956D46DE8}") = "Libraries", "Libraries", "{5A44515A-CD98-4302-A97A-620AA7AF7ED5}"
EndProject
Project("{8BC9CEB8-8B4A-11D0-8D11-00A0C91BC942}") = "libass", "src\thirdparty\libass\libass.vcxproj", "{19677DFD-C020-434D-9CB1-D0F105E72770}"
	ProjectSection(ProjectDependencies) = postProject
		{1704EA01-6B21-4362-9F1F-44D25CF2E0D7} = {1704EA01-6B21-4362-9F1F-44D25CF2E0D7}
		{08091723-A142-478B-A092-20741BA8FAE2} = {08091723-A142-478B-A092-20741BA8FAE2}
		{85763F39-23DF-4C04-B7DF-7FBE3E7CF336} = {85763F39-23DF-4C04-B7DF-7FBE3E7CF336}
		{2FCD4B66-9CF9-4C8F-BC70-37CD20002D49} = {2FCD4B66-9CF9-4C8F-BC70-37CD20002D49}
		{CFE70273-7A79-4815-AF95-1E02E2675E37} = {CFE70273-7A79-4815-AF95-1E02E2675E37}
		{9DB795B7-E8BD-4846-82A5-C6D2577B1AAF} = {9DB795B7-E8BD-4846-82A5-C6D2577B1AAF}
		{78B079BD-9FC7-4B9E-B4A6-96DA0F00248B} = {78B079BD-9FC7-4B9E-B4A6-96DA0F00248B}
		{DBF1E8F7-5B7D-4CBF-842A-B7E0C02520DC} = {DBF1E8F7-5B7D-4CBF-842A-B7E0C02520DC}
	EndProjectSection
EndProject
Project("{8BC9CEB8-8B4A-11D0-8D11-00A0C91BC942}") = "libfontconfig", "src\thirdparty\fontconfig\libfontconfig.vcxproj", "{DBF1E8F7-5B7D-4CBF-842A-B7E0C02520DC}"
	ProjectSection(ProjectDependencies) = postProject
		{1704EA01-6B21-4362-9F1F-44D25CF2E0D7} = {1704EA01-6B21-4362-9F1F-44D25CF2E0D7}
		{CFE70273-7A79-4815-AF95-1E02E2675E37} = {CFE70273-7A79-4815-AF95-1E02E2675E37}
		{78B079BD-9FC7-4B9E-B4A6-96DA0F00248B} = {78B079BD-9FC7-4B9E-B4A6-96DA0F00248B}
	EndProjectSection
EndProject
Project("{8BC9CEB8-8B4A-11D0-8D11-00A0C91BC942}") = "freetype2", "src\thirdparty\freetype2\freetype2.vcxproj", "{78B079BD-9FC7-4B9E-B4A6-96DA0F00248B}"
EndProject
Project("{8BC9CEB8-8B4A-11D0-8D11-00A0C91BC942}") = "zlib", "src\thirdparty\zlib\zlib.vcxproj", "{2FCD4B66-9CF9-4C8F-BC70-37CD20002D49}"
EndProject
Project("{8BC9CEB8-8B4A-11D0-8D11-00A0C91BC942}") = "libiconv", "src\thirdparty\libiconv\libiconv.vcxproj", "{1704EA01-6B21-4362-9F1F-44D25CF2E0D7}"
EndProject
Project("{8BC9CEB8-8B4A-11D0-8D11-00A0C91BC942}") = "libxml2", "src\thirdparty\libxml2\libxml2.vcxproj", "{CFE70273-7A79-4815-AF95-1E02E2675E37}"
EndProject
Project("{8BC9CEB8-8B4A-11D0-8D11-00A0C91BC942}") = "liblzma", "src\thirdparty\liblzma\liblzma.vcxproj", "{85763F39-23DF-4C04-B7DF-7FBE3E7CF336}"
EndProject
Project("{8BC9CEB8-8B4A-11D0-8D11-00A0C91BC942}") = "libfribidi", "src\thirdparty\fribidi\libfribidi.vcxproj", "{08091723-A142-478B-A092-20741BA8FAE2}"
EndProject
Project("{8BC9CEB8-8B4A-11D0-8D11-00A0C91BC942}") = "libharfbuzz", "src\thirdparty\harfbuzz\libharfbuzz.vcxproj", "{9DB795B7-E8BD-4846-82A5-C6D2577B1AAF}"
EndProject
Global
	GlobalSection(SolutionConfigurationPlatforms) = preSolution
		Debug|x64 = Debug|x64
		Debug|x86 = Debug|x86
		Release|x64 = Release|x64
		Release|x86 = Release|x86
	EndGlobalSection
	GlobalSection(ProjectConfigurationPlatforms) = postSolution
		{19677DFD-C020-434D-9CB1-D0F105E72770}.Debug|x64.ActiveCfg = Debug|x64
		{19677DFD-C020-434D-9CB1-D0F105E72770}.Debug|x64.Build.0 = Debug|x64
		{19677DFD-C020-434D-9CB1-D0F105E72770}.Debug|x86.ActiveCfg = Debug|Win32
		{19677DFD-C020-434D-9CB1-D0F105E72770}.Debug|x86.Build.0 = Debug|Win32
		{19677DFD-C020-434D-9CB1-D0F105E72770}.Release|x64.ActiveCfg = Release|x64
		{19677DFD-C020-434D-9CB1-D0F105E72770}.Release|x64.Build.0 = Release|x64
		{19677DFD-C020-434D-9CB1-D0F105E72770}.Release|x86.ActiveCfg = Release|Win32
		{19677DFD-C020-434D-9CB1-D0F105E72770}.Release|x86.Build.0 = Release|Win32
		{DBF1E8F7-5B7D-4CBF-842A-B7E0C02520DC}.Debug|x64.ActiveCfg = Debug|x64
		{DBF1E8F7-5B7D-4CBF-842A-B7E0C02520DC}.Debug|x64.Build.0 = Debug|x64
		{DBF1E8F7-5B7D-4CBF-842A-B7E0C02520DC}.Debug|x86.ActiveCfg = Debug|Win32
		{DBF1E8F7-5B7D-4CBF-842A-B7E0C02520DC}.Debug|x86.Build.0 = Debug|Win32
		{DBF1E8F7-5B7D-4CBF-842A-B7E0C02520DC}.Release|x64.ActiveCfg = Release|x64
		{DBF1E8F7-5B7D-4CBF-842A-B7E0C02520DC}.Release|x64.Build.0 = Release|x64
		{DBF1E8F7-5B7D-4CBF-842A-B7E0C02520DC}.Release|x86.ActiveCfg = Release|Win32
		{DBF1E8F7-5B7D-4CBF-842A-B7E0C02520DC}.Release|x86.Build.0 = Release|Win32
		{78B079BD-9FC7-4B9E-B4A6-96DA0F00248B}.Debug|x64.ActiveCfg = Debug|x64
		{78B079BD-9FC7-4B9E-B4A6-96DA0F00248B}.Debug|x64.Build.0 = Debug|x64
		{78B079BD-9FC7-4B9E-B4A6-96DA0F00248B}.Debug|x86.ActiveCfg = Debug|Win32
		{78B079BD-9FC7-4B9E-B4A6-96DA0F00248B}.Debug|x86.Build.0 = Debug|Win32
		{78B079BD-9FC7-4B9E-B4A6-96DA0F00248B}.Release|x64.ActiveCfg = Release|x64
		{78B079BD-9FC7-4B9E-B4A6-96DA0F00248B}.Release|x64.Build.0 = Release|x64
		{78B079BD-9FC7-4B9E-B4A6-96DA0F00248B}.Release|x86.ActiveCfg = Release|Win32
		{78B079BD-9FC7-4B9E-B4A6-96DA0F00248B}.Release|x86.Build.0 = Release|Win32
		{2FCD4B66-9CF9-4C8F-BC70-37CD20002D49}.Debug|x64.ActiveCfg = Debug|x64
		{2FCD4B66-9CF9-4C8F-BC70-37CD20002D49}.Debug|x64.Build.0 = Debug|x64
		{2FCD4B66-9CF9-4C8F-BC70-37CD20002D49}.Debug|x86.ActiveCfg = Debug|Win32
		{2FCD4B66-9CF9-4C8F-BC70-37CD20002D49}.Debug|x86.Build.0 = Debug|Win32
		{2FCD4B66-9CF9-4C8F-BC70-37CD20002D49}.Release|x64.ActiveCfg = Release|x64
		{2FCD4B66-9CF9-4C8F-BC70-37CD20002D49}.Release|x64.Build.0 = Release|x64
		{2FCD4B66-9CF9-4C8F-BC70-37CD20002D49}.Release|x86.ActiveCfg = Release|Win32
		{2FCD4B66-9CF9-4C8F-BC70-37CD20002D49}.Release|x86.Build.0 = Release|Win32
		{1704EA01-6B21-4362-9F1F-44D25CF2E0D7}.Debug|x64.ActiveCfg = Debug|x64
		{1704EA01-6B21-4362-9F1F-44D25CF2E0D7}.Debug|x64.Build.0 = Debug|x64
		{1704EA01-6B21-4362-9F1F-44D25CF2E0D7}.Debug|x86.ActiveCfg = Debug|Win32
		{1704EA01-6B21-4362-9F1F-44D25CF2E0D7}.Debug|x86.Build.0 = Debug|Win32
		{1704EA01-6B21-4362-9F1F-44D25CF2E0D7}.Release|x64.ActiveCfg = Release|x64
		{1704EA01-6B21-4362-9F1F-44D25CF2E0D7}.Release|x64.Build.0 = Release|x64
		{1704EA01-6B21-4362-9F1F-44D25CF2E0D7}.Release|x86.ActiveCfg = Release|Win32
		{1704EA01-6B21-4362-9F1F-44D25CF2E0D7}.Release|x86.Build.0 = Release|Win32
		{CFE70273-7A79-4815-AF95-1E02E2675E37}.Debug|x64.ActiveCfg = Debug|x64
		{CFE70273-7A79-4815-AF95-1E02E2675E37}.Debug|x64.Build.0 = Debug|x64
		{CFE70273-7A79-4815-AF95-1E02E2675E37}.Debug|x86.ActiveCfg = Debug|Win32
		{CFE70273-7A79-4815-AF95-1E02E2675E37}.Debug|x86.Build.0 = Debug|Win32
		{CFE70273-7A79-4815-AF95-1E02E2675E37}.Release|x64.ActiveCfg = Release|x64
		{CFE70273-7A79-4815-AF95-1E02E2675E37}.Release|x64.Build.0 = Release|x64
		{CFE70273-7A79-4815-AF95-1E02E2675E37}.Release|x86.ActiveCfg = Release|Win32
		{CFE70273-7A79-4815-AF95-1E02E2675E37}.Release|x86.Build.0 = Release|Win32
		{85763F39-23DF-4C04-B7DF-7FBE3E7CF336}.Debug|x64.ActiveCfg = Debug|x64
		{85763F39-23DF-4C04-B7DF-7FBE3E7CF336}.Debug|x64.Build.0 = Debug|x64
		{85763F39-23DF-4C04-B7DF-7FBE3E7CF336}.Debug|x86.ActiveCfg = Debug|Win32
		{85763F39-23DF-4C04-B7DF-7FBE3E7CF336}.Debug|x86.Build.0 = Debug|Win32
		{85763F39-23DF-4C04-B7DF-7FBE3E7CF336}.Release|x64.ActiveCfg = Release|x64
		{85763F39-23DF-4C04-B7DF-7FBE3E7CF336}.Release|x64.Build.0 = Release|x64
		{85763F39-23DF-4C04-B7DF-7FBE3E7CF336}.Release|x86.ActiveCfg = Release|Win32
		{85763F39-23DF-4C04-B7DF-7FBE3E7CF336}.Release|x86.Build.0 = Release|Win32
		{08091723-A142-478B-A092-20741BA8FAE2}.Debug|x64.ActiveCfg = Debug|x64
		{08091723-A142-478B-A092-20741BA8FAE2}.Debug|x64.Build.0 = Debug|x64
		{08091723-A142-478B-A092-20741BA8FAE2}.Debug|x86.ActiveCfg = Debug|Win32
		{08091723-A142-478B-A092-20741BA8FAE2}.Debug|x86.Build.0 = Debug|Win32
		{08091723-A142-478B-A092-20741BA8FAE2}.Release|x64.ActiveCfg = Release|x64
		{08091723-A142-478B-A092-20741BA8FAE2}.Release|x64.Build.0 = Release|x64
		{08091723-A142-478B-A092-20741BA8FAE2}.Release|x86.ActiveCfg = Release|Win32
		{08091723-A142-478B-A092-20741BA8FAE2}.Release|x86.Build.0 = Release|Win32
		{9DB795B7-E8BD-4846-82A5-C6D2577B1AAF}.Debug|x64.ActiveCfg = Debug|x64
		{9DB795B7-E8BD-4846-82A5-C6D2577B1AAF}.Debug|x64.Build.0 = Debug|x64
		{9DB795B7-E8BD-4846-82A5-C6D2577B1AAF}.Debug|x86.ActiveCfg = Debug|Win32
		{9DB795B7-E8BD-4846-82A5-C6D2577B1AAF}.Debug|x86.Build.0 = Debug|Win32
		{9DB795B7-E8BD-4846-82A5-C6D2577B1AAF}.Release|x64.ActiveCfg = Release|x64
		{9DB795B7-E8BD-4846-82A5-C6D2577B1AAF}.Release|x64.Build.0 = Release|x64
		{9DB795B7-E8BD-4846-82A5-C6D2577B1AAF}.Release|x86.ActiveCfg = Release|Win32
		{9DB795B7-E8BD-4846-82A5-C6D2577B1AAF}.Release|x86.Build.0 = Release|Win32
	EndGlobalSection
	GlobalSection(SolutionProperties) = preSolution
		HideSolutionNode = FALSE
	EndGlobalSection
	GlobalSection(NestedProjects) = preSolution
		{19677DFD-C020-434D-9CB1-D0F105E72770} = {5A44515A-CD98-4302-A97A-620AA7AF7ED5}
		{DBF1E8F7-5B7D-4CBF-842A-B7E0C02520DC} = {5A44515A-CD98-4302-A97A-620AA7AF7ED5}
		{78B079BD-9FC7-4B9E-B4A6-96DA0F00248B} = {5A44515A-CD98-4302-A97A-620AA7AF7ED5}
		{2FCD4B66-9CF9-4C8F-BC70-37CD20002D49} = {5A44515A-CD98-4302-A97A-620AA7AF7ED5}
		{1704EA01-6B21-4362-9F1F-44D25CF2E0D7} = {5A44515A-CD98-4302-A97A-620AA7AF7ED5}
		{CFE70273-7A79-4815-AF95-1E02E2675E37} = {5A44515A-CD98-4302-A97A-620AA7AF7ED5}
		{85763F39-23DF-4C04-B7DF-7FBE3E7CF336} = {5A44515A-CD98-4302-A97A-620AA7AF7ED5}
		{08091723-A142-478B-A092-20741BA8FAE2} = {5A44515A-CD98-4302-A97A-620AA7AF7ED5}
		{9DB795B7-E8BD-4846-82A5-C6D2577B1AAF} = {5A44515A-CD98-4302-A97A-620AA7AF7ED5}
	EndGlobalSection
	GlobalSection(ExtensibilityGlobals) = postSolution
		SolutionGuid = {E7B274B4-EBEE-40B9-A8CC-1C4373EF080B}
	EndGlobalSection
EndGlobal
